// !$*UTF8*$!
{
	archiveVersion = 1;
	classes = {
	};
	objectVersion = 46;
	objects = {

/* Begin PBXBuildFile section */
		236EF19B1C7EBE760096F773 /* AppDelegate.swift in Sources */ = {isa = PBXBuildFile; fileRef = 236EF19A1C7EBE760096F773 /* AppDelegate.swift */; };
		236EF19D1C7EBE760096F773 /* ViewController.swift in Sources */ = {isa = PBXBuildFile; fileRef = 236EF19C1C7EBE760096F773 /* ViewController.swift */; };
		236EF1A01C7EBE760096F773 /* Main.storyboard in Resources */ = {isa = PBXBuildFile; fileRef = 236EF19E1C7EBE760096F773 /* Main.storyboard */; };
		236EF1A21C7EBE760096F773 /* Assets.xcassets in Resources */ = {isa = PBXBuildFile; fileRef = 236EF1A11C7EBE760096F773 /* Assets.xcassets */; };
		236EF1A51C7EBE760096F773 /* LaunchScreen.storyboard in Resources */ = {isa = PBXBuildFile; fileRef = 236EF1A31C7EBE760096F773 /* LaunchScreen.storyboard */; };
		236EF1AD1C7EC6E80096F773 /* ToDoListItem.swift in Sources */ = {isa = PBXBuildFile; fileRef = 236EF1AC1C7EC6E80096F773 /* ToDoListItem.swift */; };
		236EF1AF1C7EC8210096F773 /* DetailsViewController.swift in Sources */ = {isa = PBXBuildFile; fileRef = 236EF1AE1C7EC8210096F773 /* DetailsViewController.swift */; };
/* End PBXBuildFile section */

/* Begin PBXFileReference section */
		236EF1971C7EBE760096F773 /* To Do List.app */ = {isa = PBXFileReference; explicitFileType = wrapper.application; includeInIndex = 0; path = "To Do List.app"; sourceTree = BUILT_PRODUCTS_DIR; };
		236EF19A1C7EBE760096F773 /* AppDelegate.swift */ = {isa = PBXFileReference; lastKnownFileType = sourcecode.swift; path = AppDelegate.swift; sourceTree = "<group>"; };
		236EF19C1C7EBE760096F773 /* ViewController.swift */ = {isa = PBXFileReference; lastKnownFileType = sourcecode.swift; path = ViewController.swift; sourceTree = "<group>"; };
		236EF19F1C7EBE760096F773 /* Base */ = {isa = PBXFileReference; lastKnownFileType = file.storyboard; name = Base; path = Base.lproj/Main.storyboard; sourceTree = "<group>"; };
		236EF1A11C7EBE760096F773 /* Assets.xcassets */ = {isa = PBXFileReference; lastKnownFileType = folder.assetcatalog; path = Assets.xcassets; sourceTree = "<group>"; };
		236EF1A41C7EBE760096F773 /* Base */ = {isa = PBXFileReference; lastKnownFileType = file.storyboard; name = Base; path = Base.lproj/LaunchScreen.storyboard; sourceTree = "<group>"; };
		236EF1A61C7EBE760096F773 /* Info.plist */ = {isa = PBXFileReference; lastKnownFileType = text.plist.xml; path = Info.plist; sourceTree = "<group>"; };
		236EF1AC1C7EC6E80096F773 /* ToDoListItem.swift */ = {isa = PBXFileReference; fileEncoding = 4; lastKnownFileType = sourcecode.swift; path = ToDoListItem.swift; sourceTree = "<group>"; };
		236EF1AE1C7EC8210096F773 /* DetailsViewController.swift */ = {isa = PBXFileReference; fileEncoding = 4; lastKnownFileType = sourcecode.swift; path = DetailsViewController.swift; sourceTree = "<group>"; };
/* End PBXFileReference section */

/* Begin PBXFrameworksBuildPhase section */
		236EF1941C7EBE760096F773 /* Frameworks */ = {
			isa = PBXFrameworksBuildPhase;
			buildActionMask = 2147483647;
			files = (
			);
			runOnlyForDeploymentPostprocessing = 0;
		};
/* End PBXFrameworksBuildPhase section */

/* Begin PBXGroup section */
		236EF18E1C7EBE760096F773 = {
			isa = PBXGroup;
			children = (
				236EF1991C7EBE760096F773 /* To Do List */,
				236EF1981C7EBE760096F773 /* Products */,
			);
			sourceTree = "<group>";
		};
		236EF1981C7EBE760096F773 /* Products */ = {
			isa = PBXGroup;
			children = (
				236EF1971C7EBE760096F773 /* To Do List.app */,
			);
			name = Products;
			sourceTree = "<group>";
		};
		236EF1991C7EBE760096F773 /* To Do List */ = {
			isa = PBXGroup;
			children = (
				236EF19A1C7EBE760096F773 /* AppDelegate.swift */,
				236EF19C1C7EBE760096F773 /* ViewController.swift */,
				236EF1AC1C7EC6E80096F773 /* ToDoListItem.swift */,
				236EF1AE1C7EC8210096F773 /* DetailsViewController.swift */,
				236EF19E1C7EBE760096F773 /* Main.storyboard */,
				236EF1A11C7EBE760096F773 /* Assets.xcassets */,
				236EF1A31C7EBE760096F773 /* LaunchScreen.storyboard */,
				236EF1A61C7EBE760096F773 /* Info.plist */,
			);
			path = "To Do List";
			sourceTree = "<group>";
		};
/* End PBXGroup section */

/* Begin PBXNativeTarget section */
		236EF1961C7EBE760096F773 /* To Do List */ = {
			isa = PBXNativeTarget;
			buildConfigurationList = 236EF1A91C7EBE760096F773 /* Build configuration list for PBXNativeTarget "To Do List" */;
			buildPhases = (
				236EF1931C7EBE760096F773 /* Sources */,
				236EF1941C7EBE760096F773 /* Frameworks */,
				236EF1951C7EBE760096F773 /* Resources */,
			);
			buildRules = (
			);
			dependencies = (
			);
			name = "To Do List";
			productName = "To Do List";
			productReference = 236EF1971C7EBE760096F773 /* To Do List.app */;
			productType = "com.apple.product-type.application";
		};
/* End PBXNativeTarget section */

/* Begin PBXProject section */
		236EF18F1C7EBE760096F773 /* Project object */ = {
			isa = PBXProject;
			attributes = {
				KnownAssetTags = (
					1000,
				);
				LastSwiftUpdateCheck = 0720;
				LastUpgradeCheck = 0720;
				ORGANIZATIONNAME = "Antonia Wang";
				TargetAttributes = {
					236EF1961C7EBE760096F773 = {
						CreatedOnToolsVersion = 7.2.1;
					};
				};
			};
			buildConfigurationList = 236EF1921C7EBE760096F773 /* Build configuration list for PBXProject "To Do List" */;
			compatibilityVersion = "Xcode 3.2";
			developmentRegion = English;
			hasScannedForEncodings = 0;
			knownRegions = (
				en,
				Base,
			);
			mainGroup = 236EF18E1C7EBE760096F773;
			productRefGroup = 236EF1981C7EBE760096F773 /* Products */;
			projectDirPath = "";
			projectRoot = "";
			targets = (
				236EF1961C7EBE760096F773 /* To Do List */,
			);
		};
/* End PBXProject section */

/* Begin PBXResourcesBuildPhase section */
		236EF1951C7EBE760096F773 /* Resources */ = {
			isa = PBXResourcesBuildPhase;
			buildActionMask = 2147483647;
			files = (
				236EF1A51C7EBE760096F773 /* LaunchScreen.storyboard in Resources */,
				236EF1A21C7EBE760096F773 /* Assets.xcassets in Resources */,
				236EF1A01C7EBE760096F773 /* Main.storyboard in Resources */,
			);
			runOnlyForDeploymentPostprocessing = 0;
		};
/* End PBXResourcesBuildPhase section */

/* Begin PBXSourcesBuildPhase section */
		236EF1931C7EBE760096F773 /* Sources */ = {
			isa = PBXSourcesBuildPhase;
			buildActionMask = 2147483647;
			files = (
				236EF19D1C7EBE760096F773 /* ViewController.swift in Sources */,
				236EF19B1C7EBE760096F773 /* AppDelegate.swift in Sources */,
				236EF1AD1C7EC6E80096F773 /* ToDoListItem.swift in Sources */,
				236EF1AF1C7EC8210096F773 /* DetailsViewController.swift in Sources */,
			);
			runOnlyForDeploymentPostprocessing = 0;
		};
/* End PBXSourcesBuildPhase section */

/* Begin PBXVariantGroup section */
		236EF19E1C7EBE760096F773 /* Main.storyboard */ = {
			isa = PBXVariantGroup;
			children = (
				236EF19F1C7EBE760096F773 /* Base */,
			);
			name = Main.storyboard;
			sourceTree = "<group>";
		};
		236EF1A31C7EBE760096F773 /* LaunchScreen.storyboard */ = {
			isa = PBXVariantGroup;
			children = (
				236EF1A41C7EBE760096F773 /* Base */,
			);
			name = LaunchScreen.storyboard;
			sourceTree = "<group>";
		};
/* End PBXVariantGroup section */

/* Begin XCBuildConfiguration section */
		236EF1A71C7EBE760096F773 /* Debug */ = {
			isa = XCBuildConfiguration;
			buildSettings = {
				ALWAYS_SEARCH_USER_PATHS = NO;
				CLANG_CXX_LANGUAGE_STANDARD = "gnu++0x";
				CLANG_CXX_LIBRARY = "libc++";
				CLANG_ENABLE_MODULES = YES;
				CLANG_ENABLE_OBJC_ARC = YES;
				CLANG_WARN_BOOL_CONVERSION = YES;
				CLANG_WARN_CONSTANT_CONVERSION = YES;
				CLANG_WARN_DIRECT_OBJC_ISA_USAGE = YES_ERROR;
				CLANG_WARN_EMPTY_BODY = YES;
				CLANG_WARN_ENUM_CONVERSION = YES;
				CLANG_WARN_INT_CONVERSION = YES;
				CLANG_WARN_OBJC_ROOT_CLASS = YES_ERROR;
				CLANG_WARN_UNREACHABLE_CODE = YES;
				CLANG_WARN__DUPLICATE_METHOD_MATCH = YES;
				"CODE_SIGN_IDENTITY[sdk=iphoneos*]" = "iPhone Developer";
				COPY_PHASE_STRIP = NO;
				DEBUG_INFORMATION_FORMAT = dwarf;
				ENABLE_STRICT_OBJC_MSGSEND = YES;
				ENABLE_TESTABILITY = YES;
				GCC_C_LANGUAGE_STANDARD = gnu99;
				GCC_DYNAMIC_NO_PIC = NO;
				GCC_NO_COMMON_BLOCKS = YES;
				GCC_OPTIMIZATION_LEVEL = 0;
				GCC_PREPROCESSOR_DEFINITIONS = (
					"DEBUG=1",
					"$(inherited)",
				);
				GCC_WARN_64_TO_32_BIT_CONVERSION = YES;
				GCC_WARN_ABOUT_RETURN_TYPE = YES_ERROR;
				GCC_WARN_UNDECLARED_SELECTOR = YES;
				GCC_WARN_UNINITIALIZED_AUTOS = YES_AGGRESSIVE;
				GCC_WARN_UNUSED_FUNCTION = YES;
				GCC_WARN_UNUSED_VARIABLE = YES;
				IPHONEOS_DEPLOYMENT_TARGET = 9.2;
				MTL_ENABLE_DEBUG_INFO = YES;
				ONLY_ACTIVE_ARCH = YES;
				SDKROOT = iphoneos;
				SWIFT_OPTIMIZATION_LEVEL = "-Onone";
				TARGETED_DEVICE_FAMILY = "1,2";
			};
			name = Debug;
		};
		236EF1A81C7EBE760096F773 /* Release */ = {
			isa = XCBuildConfiguration;
			buildSettings = {
				ALWAYS_SEARCH_USER_PATHS = NO;
				CLANG_CXX_LANGUAGE_STANDARD = "gnu++0x";
				CLANG_CXX_LIBRARY = "libc++";
				CLANG_ENABLE_MODULES = YES;
				CLANG_ENABLE_OBJC_ARC = YES;
				CLANG_WARN_BOOL_CONVERSION = YES;
				CLANG_WARN_CONSTANT_CONVERSION = YES;
				CLANG_WARN_DIRECT_OBJC_ISA_USAGE = YES_ERROR;
				CLANG_WARN_EMPTY_BODY = YES;
				CLANG_WARN_ENUM_CONVERSION = YES;
				CLANG_WARN_INT_CONVERSION = YES;
				CLANG_WARN_OBJC_ROOT_CLASS = YES_ERROR;
				CLANG_WARN_UNREACHABLE_CODE = YES;
				CLANG_WARN__DUPLICATE_METHOD_MATCH = YES;
				"CODE_SIGN_IDENTITY[sdk=iphoneos*]" = "iPhone Developer";
				COPY_PHASE_STRIP = NO;
				DEBUG_INFORMATION_FORMAT = "dwarf-with-dsym";
				ENABLE_NS_ASSERTIONS = NO;
				ENABLE_STRICT_OBJC_MSGSEND = YES;
				GCC_C_LANGUAGE_STANDARD = gnu99;
				GCC_NO_COMMON_BLOCKS = YES;
				GCC_WARN_64_TO_32_BIT_CONVERSION = YES;
				GCC_WARN_ABOUT_RETURN_TYPE = YES_ERROR;
				GCC_WARN_UNDECLARED_SELECTOR = YES;
				GCC_WARN_UNINITIALIZED_AUTOS = YES_AGGRESSIVE;
				GCC_WARN_UNUSED_FUNCTION = YES;
				GCC_WARN_UNUSED_VARIABLE = YES;
				IPHONEOS_DEPLOYMENT_TARGET = 9.2;
				MTL_ENABLE_DEBUG_INFO = NO;
				SDKROOT = iphoneos;
				TARGETED_DEVICE_FAMILY = "1,2";
				VALIDATE_PRODUCT = YES;
			};
			name = Release;
		};
		236EF1AA1C7EBE760096F773 /* Debug */ = {
			isa = XCBuildConfiguration;
			buildSettings = {
				ASSETCATALOG_COMPILER_APPICON_NAME = AppIcon;
				INFOPLIST_FILE = "To Do List/Info.plist";
				LD_RUNPATH_SEARCH_PATHS = "$(inherited) @executable_path/Frameworks";
				PRODUCT_BUNDLE_IDENTIFIER = "CasaWangman.To-Do-List";
				PRODUCT_NAME = "$(TARGET_NAME)";
			};
			name = Debug;
		};
		236EF1AB1C7EBE760096F773 /* Release */ = {
			isa = XCBuildConfiguration;
			buildSettings = {
				ASSETCATALOG_COMPILER_APPICON_NAME = AppIcon;
				INFOPLIST_FILE = "To Do List/Info.plist";
				LD_RUNPATH_SEARCH_PATHS = "$(inherited) @executable_path/Frameworks";
				PRODUCT_BUNDLE_IDENTIFIER = "CasaWangman.To-Do-List";
				PRODUCT_NAME = "$(TARGET_NAME)";
			};
			name = Release;
		};
/* End XCBuildConfiguration section */

/* Begin XCConfigurationList section */
		236EF1921C7EBE760096F773 /* Build configuration list for PBXProject "To Do List" */ = {
			isa = XCConfigurationList;
			buildConfigurations = (
				236EF1A71C7EBE760096F773 /* Debug */,
				236EF1A81C7EBE760096F773 /* Release */,
			);
			defaultConfigurationIsVisible = 0;
			defaultConfigurationName = Release;
		};
		236EF1A91C7EBE760096F773 /* Build configuration list for PBXNativeTarget "To Do List" */ = {
			isa = XCConfigurationList;
			buildConfigurations = (
				236EF1AA1C7EBE760096F773 /* Debug */,
				236EF1AB1C7EBE760096F773 /* Release */,
			);
			defaultConfigurationIsVisible = 0;
		};
/* End XCConfigurationList section */
	};
	rootObject = 236EF18F1C7EBE760096F773 /* Project object */;
}
